
Microsoft Visual Studio Solution File, Format Version 12.00
# Visual Studio Version 17
VisualStudioVersion = 17.5.33627.172
MinimumVisualStudioVersion = 10.0.40219.1
Project("{FAE04EC0-301F-11D3-BF4B-00C04F79EFBC}") = "CompanyManagement", "CompanyManagement.csproj", "{AD4302C0-D565-4BFD-AE9C-B4060BF79A3B}"
EndProject
Global
	GlobalSection(SolutionConfigurationPlatforms) = preSolution
		Debug|Any CPU = Debug|Any CPU
		Release|Any CPU = Release|Any CPU
	EndGlobalSection
	GlobalSection(ProjectConfigurationPlatforms) = postSolution
		{AD4302C0-D565-4BFD-AE9C-B4060BF79A3B}.Debug|Any CPU.ActiveCfg = Debug|Any CPU
		{AD4302C0-D565-4BFD-AE9C-B4060BF79A3B}.Debug|Any CPU.Build.0 = Debug|Any CPU
		{AD4302C0-D565-4BFD-AE9C-B4060BF79A3B}.Release|Any CPU.ActiveCfg = Release|Any CPU
		{AD4302C0-D565-4BFD-AE9C-B4060BF79A3B}.Release|Any CPU.Build.0 = Release|Any CPU
	EndGlobalSection
	GlobalSection(SolutionProperties) = preSolution
		HideSolutionNode = FALSE
	EndGlobalSection
	GlobalSection(ExtensibilityGlobals) = postSolution
		SolutionGuid = {D57A17FE-D042-431E-AA80-12E80E0E6DE9}
	EndGlobalSection
EndGlobal
